
Microsoft Visual Studio Solution File, Format Version 12.00
Project("{FAE04EC0-301F-11D3-BF4B-00C04F79EFBC}") = "MaClasse.Shared", "MaClasse.Shared\MaClasse.Shared.csproj", "{A77AA605-9E2D-4238-9AE9-460C2BA1D441}"
EndProject
Project("{FAE04EC0-301F-11D3-BF4B-00C04F79EFBC}") = "MaClasse.Client", "MaClasse.Client\MaClasse.Client.csproj", "{E55A4AE2-45EE-4FFE-9865-5B93419A1A6A}"
EndProject
Project("{FAE04EC0-301F-11D3-BF4B-00C04F79EFBC}") = "MaClasse.ApiGateway", "MaClasse.ApiGateway\MaClasse.ApiGateway.csproj", "{AF2AA699-5FCE-4753-B693-CFCC3EF5E6C0}"
EndProject
Project("{FAE04EC0-301F-11D3-BF4B-00C04F79EFBC}") = "Service.OAuth", "Service.OAuth\Service.OAuth.csproj", "{617F5527-EA7E-4855-A366-4B07C78DE756}"
EndProject
Project("{FAE04EC0-301F-11D3-BF4B-00C04F79EFBC}") = "Service.Database", "Service.Database\Service.Database.csproj", "{F7E8A978-261D-44D2-B9F8-21432686DBCB}"
EndProject
Project("{FAE04EC0-301F-11D3-BF4B-00C04F79EFBC}") = "Service.Cloudinary", "Service.Cloudinary\Service.Cloudinary.csproj", "{54F3CD75-2A0E-495B-8E41-04FA32729D46}"
EndProject
Project("{FAE04EC0-301F-11D3-BF4B-00C04F79EFBC}") = "Tests", "Tests\Tests.csproj", "{FE997744-BC02-4551-B92D-AEFD712DEBBD}"
EndProject
Global
	GlobalSection(SolutionConfigurationPlatforms) = preSolution
		Debug|Any CPU = Debug|Any CPU
		Release|Any CPU = Release|Any CPU
	EndGlobalSection
	GlobalSection(ProjectConfigurationPlatforms) = postSolution
		{A77AA605-9E2D-4238-9AE9-460C2BA1D441}.Debug|Any CPU.ActiveCfg = Debug|Any CPU
		{A77AA605-9E2D-4238-9AE9-460C2BA1D441}.Debug|Any CPU.Build.0 = Debug|Any CPU
		{A77AA605-9E2D-4238-9AE9-460C2BA1D441}.Release|Any CPU.ActiveCfg = Release|Any CPU
		{A77AA605-9E2D-4238-9AE9-460C2BA1D441}.Release|Any CPU.Build.0 = Release|Any CPU
		{E55A4AE2-45EE-4FFE-9865-5B93419A1A6A}.Debug|Any CPU.ActiveCfg = Debug|Any CPU
		{E55A4AE2-45EE-4FFE-9865-5B93419A1A6A}.Debug|Any CPU.Build.0 = Debug|Any CPU
		{E55A4AE2-45EE-4FFE-9865-5B93419A1A6A}.Release|Any CPU.ActiveCfg = Release|Any CPU
		{E55A4AE2-45EE-4FFE-9865-5B93419A1A6A}.Release|Any CPU.Build.0 = Release|Any CPU
		{AF2AA699-5FCE-4753-B693-CFCC3EF5E6C0}.Debug|Any CPU.ActiveCfg = Debug|Any CPU
		{AF2AA699-5FCE-4753-B693-CFCC3EF5E6C0}.Debug|Any CPU.Build.0 = Debug|Any CPU
		{AF2AA699-5FCE-4753-B693-CFCC3EF5E6C0}.Release|Any CPU.ActiveCfg = Release|Any CPU
		{AF2AA699-5FCE-4753-B693-CFCC3EF5E6C0}.Release|Any CPU.Build.0 = Release|Any CPU
		{617F5527-EA7E-4855-A366-4B07C78DE756}.Debug|Any CPU.ActiveCfg = Debug|Any CPU
		{617F5527-EA7E-4855-A366-4B07C78DE756}.Debug|Any CPU.Build.0 = Debug|Any CPU
		{617F5527-EA7E-4855-A366-4B07C78DE756}.Release|Any CPU.ActiveCfg = Release|Any CPU
		{617F5527-EA7E-4855-A366-4B07C78DE756}.Release|Any CPU.Build.0 = Release|Any CPU
		{F7E8A978-261D-44D2-B9F8-21432686DBCB}.Debug|Any CPU.ActiveCfg = Debug|Any CPU
		{F7E8A978-261D-44D2-B9F8-21432686DBCB}.Debug|Any CPU.Build.0 = Debug|Any CPU
		{F7E8A978-261D-44D2-B9F8-21432686DBCB}.Release|Any CPU.ActiveCfg = Release|Any CPU
		{F7E8A978-261D-44D2-B9F8-21432686DBCB}.Release|Any CPU.Build.0 = Release|Any CPU
		{54F3CD75-2A0E-495B-8E41-04FA32729D46}.Debug|Any CPU.ActiveCfg = Debug|Any CPU
		{54F3CD75-2A0E-495B-8E41-04FA32729D46}.Debug|Any CPU.Build.0 = Debug|Any CPU
		{54F3CD75-2A0E-495B-8E41-04FA32729D46}.Release|Any CPU.ActiveCfg = Release|Any CPU
                {54F3CD75-2A0E-495B-8E41-04FA32729D46}.Release|Any CPU.Build.0 = Release|Any CPU
                {FE997744-BC02-4551-B92D-AEFD712DEBBD}.Debug|Any CPU.ActiveCfg = Debug|Any CPU
                {FE997744-BC02-4551-B92D-AEFD712DEBBD}.Debug|Any CPU.Build.0 = Debug|Any CPU
                {FE997744-BC02-4551-B92D-AEFD712DEBBD}.Release|Any CPU.ActiveCfg = Release|Any CPU
                {FE997744-BC02-4551-B92D-AEFD712DEBBD}.Release|Any CPU.Build.0 = Release|Any CPU
        EndGlobalSection
	GlobalSection(NestedProjects) = preSolution
	EndGlobalSection
EndGlobal
